
Microsoft Visual Studio Solution File, Format Version 12.00
# Visual Studio Version 17
VisualStudioVersion = 17.1.32319.34
MinimumVisualStudioVersion = 10.0.40219.1
Project("{9A19103F-16F7-4668-BE54-9A1E7A4F7556}") = "HandsOnGit", "HandsOnGit\HandsOnGit.csproj", "{32A939B5-F1DF-42B9-B412-C8DAFAE21492}"
EndProject
Project("{FAE04EC0-301F-11D3-BF4B-00C04F79EFBC}") = "TestProjectTaskC", "TestProjectTaskC\TestProjectTaskC.csproj", "{BB064F19-325E-4D30-9D76-116084607539}"
EndProject
Global
	GlobalSection(SolutionConfigurationPlatforms) = preSolution
		Debug|Any CPU = Debug|Any CPU
		Release|Any CPU = Release|Any CPU
	EndGlobalSection
	GlobalSection(ProjectConfigurationPlatforms) = postSolution
		{32A939B5-F1DF-42B9-B412-C8DAFAE21492}.Debug|Any CPU.ActiveCfg = Debug|Any CPU
		{32A939B5-F1DF-42B9-B412-C8DAFAE21492}.Debug|Any CPU.Build.0 = Debug|Any CPU
		{32A939B5-F1DF-42B9-B412-C8DAFAE21492}.Release|Any CPU.ActiveCfg = Release|Any CPU
		{32A939B5-F1DF-42B9-B412-C8DAFAE21492}.Release|Any CPU.Build.0 = Release|Any CPU
		{BB064F19-325E-4D30-9D76-116084607539}.Debug|Any CPU.ActiveCfg = Debug|Any CPU
		{BB064F19-325E-4D30-9D76-116084607539}.Debug|Any CPU.Build.0 = Debug|Any CPU
		{BB064F19-325E-4D30-9D76-116084607539}.Release|Any CPU.ActiveCfg = Release|Any CPU
		{BB064F19-325E-4D30-9D76-116084607539}.Release|Any CPU.Build.0 = Release|Any CPU
	EndGlobalSection
	GlobalSection(SolutionProperties) = preSolution
		HideSolutionNode = FALSE
	EndGlobalSection
	GlobalSection(ExtensibilityGlobals) = postSolution
		SolutionGuid = {2A8BEB38-699B-4FAD-BB0E-2E82C4FF359B}
	EndGlobalSection
EndGlobal
